
Microsoft Visual Studio Solution File, Format Version 12.00
# Visual Studio 15
VisualStudioVersion = 15.0.28307.1145
MinimumVisualStudioVersion = 10.0.40219.1
Project("{D954291E-2A0B-460D-934E-DC6B0785DB48}") = "Dataverse.Sdk.Extensions", "Dataverse.Sdk.Extensions\Dataverse.Sdk.Extensions.shproj", "{B80203FC-9038-4596-9484-1031F2912BDF}"
EndProject
Project("{FAE04EC0-301F-11D3-BF4B-00C04F79EFBC}") = "Dataverse.Sdk.Extensions.Samples", "Dataverse.Sdk.Extensions.Samples\Dataverse.Sdk.Extensions.Samples.csproj", "{67DFD80E-FB87-431D-A48D-D3C73CABDFA1}"
EndProject
Project("{FAE04EC0-301F-11D3-BF4B-00C04F79EFBC}") = "Dataverse.Sdk.Extensions.Tests", "Dataverse.Sdk.Extensions.Tests\Dataverse.Sdk.Extensions.Tests.csproj", "{6B5D2F34-E85C-4CBB-AF53-4E2C12A7D1B9}"
EndProject
Project("{2150E333-8FDC-42A3-9474-1A3956D46DE8}") = "Solution Items", "Solution Items", "{D6230D62-D625-49D9-A9C5-A47968F461CE}"
	ProjectSection(SolutionItems) = preProject
		Coverage.bat = Coverage.bat
		NuGet Package\Dataverse.Sdk.Extensions.nuspec = NuGet Package\Dataverse.Sdk.Extensions.nuspec
		NuGet Package\Dataverse.Sdk.Extensions.targets = NuGet Package\Dataverse.Sdk.Extensions.targets
	EndProjectSection
EndProject
Project("{FAE04EC0-301F-11D3-BF4B-00C04F79EFBC}") = "Dataverse.Sdk.Extensions.ForCoverage", "Dataverse.Sdk.Extensions.ForCoverage\Dataverse.Sdk.Extensions.ForCoverage.csproj", "{D8E26203-DC67-4AF7-BC3C-074FB323A3B7}"
EndProject
Global
	GlobalSection(SharedMSBuildProjectFiles) = preSolution
		Dataverse.Sdk.Extensions\Dataverse.Sdk.Extensions.projitems*{67dfd80e-fb87-431d-a48d-d3c73cabdfa1}*SharedItemsImports = 4
		Dataverse.Sdk.Extensions\Dataverse.Sdk.Extensions.projitems*{b80203fc-9038-4596-9484-1031f2912bdf}*SharedItemsImports = 13
		Dataverse.Sdk.Extensions\Dataverse.Sdk.Extensions.projitems*{d8e26203-dc67-4af7-bc3c-074fb323a3b7}*SharedItemsImports = 4
	EndGlobalSection
	GlobalSection(SolutionConfigurationPlatforms) = preSolution
		Debug|Any CPU = Debug|Any CPU
		Release|Any CPU = Release|Any CPU
	EndGlobalSection
	GlobalSection(ProjectConfigurationPlatforms) = postSolution
		{67DFD80E-FB87-431D-A48D-D3C73CABDFA1}.Debug|Any CPU.ActiveCfg = Debug|Any CPU
		{67DFD80E-FB87-431D-A48D-D3C73CABDFA1}.Debug|Any CPU.Build.0 = Debug|Any CPU
		{67DFD80E-FB87-431D-A48D-D3C73CABDFA1}.Release|Any CPU.ActiveCfg = Release|Any CPU
		{67DFD80E-FB87-431D-A48D-D3C73CABDFA1}.Release|Any CPU.Build.0 = Release|Any CPU
		{6B5D2F34-E85C-4CBB-AF53-4E2C12A7D1B9}.Debug|Any CPU.ActiveCfg = Debug|Any CPU
		{6B5D2F34-E85C-4CBB-AF53-4E2C12A7D1B9}.Debug|Any CPU.Build.0 = Debug|Any CPU
		{6B5D2F34-E85C-4CBB-AF53-4E2C12A7D1B9}.Release|Any CPU.ActiveCfg = Release|Any CPU
		{6B5D2F34-E85C-4CBB-AF53-4E2C12A7D1B9}.Release|Any CPU.Build.0 = Release|Any CPU
		{D8E26203-DC67-4AF7-BC3C-074FB323A3B7}.Debug|Any CPU.ActiveCfg = Debug|Any CPU
		{D8E26203-DC67-4AF7-BC3C-074FB323A3B7}.Debug|Any CPU.Build.0 = Debug|Any CPU
		{D8E26203-DC67-4AF7-BC3C-074FB323A3B7}.Release|Any CPU.ActiveCfg = Release|Any CPU
		{D8E26203-DC67-4AF7-BC3C-074FB323A3B7}.Release|Any CPU.Build.0 = Release|Any CPU
	EndGlobalSection
	GlobalSection(SolutionProperties) = preSolution
		HideSolutionNode = FALSE
	EndGlobalSection
	GlobalSection(ExtensibilityGlobals) = postSolution
		SolutionGuid = {8173C9ED-EE77-4DA1-9692-90D88C461771}
	EndGlobalSection
EndGlobal
